// !$*UTF8*$!
{
	archiveVersion = 1;
	classes = {
	};
	objectVersion = 46;
	objects = {

/* Begin PBXBuildFile section */
		0C2238531A3E4557007293E5 /* Game.cpp in Sources */ = {isa = PBXBuildFile; fileRef = 0C2238511A3E4557007293E5 /* Game.cpp */; };
		0C2238561A3E46D6007293E5 /* Player.cpp in Sources */ = {isa = PBXBuildFile; fileRef = 0C2238541A3E46D6007293E5 /* Player.cpp */; };
		0C32EFE21A4180D000679A6A /* Card.cpp in Sources */ = {isa = PBXBuildFile; fileRef = 0C32EFE01A4180D000679A6A /* Card.cpp */; };
		0C32EFE71A4181E300679A6A /* CharacterCard.cpp in Sources */ = {isa = PBXBuildFile; fileRef = 0C32EFE51A4181E300679A6A /* CharacterCard.cpp */; };
		0C32EFEA1A4182CA00679A6A /* BuildingCard.cpp in Sources */ = {isa = PBXBuildFile; fileRef = 0C32EFE81A4182CA00679A6A /* BuildingCard.cpp */; };
		0CB093F61A386669001688BF /* Socket.cpp in Sources */ = {isa = PBXBuildFile; fileRef = 0CB093F11A386669001688BF /* Socket.cpp */; };
		0CB093F71A386669001688BF /* throw.cpp in Sources */ = {isa = PBXBuildFile; fileRef = 0CB093F41A386669001688BF /* throw.cpp */; };
		0CB093F91A3866AF001688BF /* main.cpp in Sources */ = {isa = PBXBuildFile; fileRef = 0CB093F81A3866AF001688BF /* main.cpp */; };
		0CB094031A387B62001688BF /* ASCIIgen.cpp in Sources */ = {isa = PBXBuildFile; fileRef = 0CB093FA1A387B62001688BF /* ASCIIgen.cpp */; };
		0CB094041A387B62001688BF /* Machiavelli.cpp in Sources */ = {isa = PBXBuildFile; fileRef = 0CB093FC1A387B62001688BF /* Machiavelli.cpp */; };
		0CB094051A387B62001688BF /* Socket.cpp in Sources */ = {isa = PBXBuildFile; fileRef = 0CB093FD1A387B62001688BF /* Socket.cpp */; };
		0CB094061A387B62001688BF /* stdafx.cpp in Sources */ = {isa = PBXBuildFile; fileRef = 0CB093FF1A387B62001688BF /* stdafx.cpp */; };
		0CB094071A387B62001688BF /* throw.cpp in Sources */ = {isa = PBXBuildFile; fileRef = 0CB094011A387B62001688BF /* throw.cpp */; };
/* End PBXBuildFile section */

/* Begin PBXCopyFilesBuildPhase section */
		0CB093D91A38416D001688BF /* CopyFiles */ = {
			isa = PBXCopyFilesBuildPhase;
			buildActionMask = 2147483647;
			dstPath = /usr/share/man/man1/;
			dstSubfolderSpec = 0;
			files = (
			);
			runOnlyForDeploymentPostprocessing = 1;
		};
		0CB093E71A386611001688BF /* CopyFiles */ = {
			isa = PBXCopyFilesBuildPhase;
			buildActionMask = 2147483647;
			dstPath = /usr/share/man/man1/;
			dstSubfolderSpec = 0;
			files = (
			);
			runOnlyForDeploymentPostprocessing = 1;
		};
/* End PBXCopyFilesBuildPhase section */

/* Begin PBXFileReference section */
		0C2238511A3E4557007293E5 /* Game.cpp */ = {isa = PBXFileReference; fileEncoding = 4; lastKnownFileType = sourcecode.cpp.cpp; path = Game.cpp; sourceTree = "<group>"; };
		0C2238521A3E4557007293E5 /* Game.h */ = {isa = PBXFileReference; fileEncoding = 4; lastKnownFileType = sourcecode.c.h; path = Game.h; sourceTree = "<group>"; };
		0C2238541A3E46D6007293E5 /* Player.cpp */ = {isa = PBXFileReference; fileEncoding = 4; lastKnownFileType = sourcecode.cpp.cpp; path = Player.cpp; sourceTree = "<group>"; };
		0C2238551A3E46D6007293E5 /* Player.h */ = {isa = PBXFileReference; fileEncoding = 4; lastKnownFileType = sourcecode.c.h; path = Player.h; sourceTree = "<group>"; };
		0C32EFDC1A417E3F00679A6A /* CardDeck.h */ = {isa = PBXFileReference; fileEncoding = 4; lastKnownFileType = sourcecode.c.h; path = CardDeck.h; sourceTree = "<group>"; };
		0C32EFE01A4180D000679A6A /* Card.cpp */ = {isa = PBXFileReference; fileEncoding = 4; lastKnownFileType = sourcecode.cpp.cpp; path = Card.cpp; sourceTree = "<group>"; };
		0C32EFE11A4180D000679A6A /* Card.h */ = {isa = PBXFileReference; fileEncoding = 4; lastKnownFileType = sourcecode.c.h; path = Card.h; sourceTree = "<group>"; };
		0C32EFE51A4181E300679A6A /* CharacterCard.cpp */ = {isa = PBXFileReference; fileEncoding = 4; lastKnownFileType = sourcecode.cpp.cpp; path = CharacterCard.cpp; sourceTree = "<group>"; };
		0C32EFE61A4181E300679A6A /* CharacterCard.h */ = {isa = PBXFileReference; fileEncoding = 4; lastKnownFileType = sourcecode.c.h; path = CharacterCard.h; sourceTree = "<group>"; };
		0C32EFE81A4182CA00679A6A /* BuildingCard.cpp */ = {isa = PBXFileReference; fileEncoding = 4; lastKnownFileType = sourcecode.cpp.cpp; path = BuildingCard.cpp; sourceTree = "<group>"; };
		0C32EFE91A4182CA00679A6A /* BuildingCard.h */ = {isa = PBXFileReference; fileEncoding = 4; lastKnownFileType = sourcecode.c.h; path = BuildingCard.h; sourceTree = "<group>"; };
		0CB093DB1A38416D001688BF /* Machiavelli */ = {isa = PBXFileReference; explicitFileType = "compiled.mach-o.executable"; includeInIndex = 0; path = Machiavelli; sourceTree = BUILT_PRODUCTS_DIR; };
		0CB093E91A386611001688BF /* Server */ = {isa = PBXFileReference; explicitFileType = "compiled.mach-o.executable"; includeInIndex = 0; path = Server; sourceTree = BUILT_PRODUCTS_DIR; };
		0CB093F01A386669001688BF /* ClientCommand.h */ = {isa = PBXFileReference; fileEncoding = 4; lastKnownFileType = sourcecode.c.h; path = ClientCommand.h; sourceTree = "<group>"; };
		0CB093F11A386669001688BF /* Socket.cpp */ = {isa = PBXFileReference; fileEncoding = 4; lastKnownFileType = sourcecode.cpp.cpp; path = Socket.cpp; sourceTree = "<group>"; };
		0CB093F21A386669001688BF /* Socket.h */ = {isa = PBXFileReference; fileEncoding = 4; lastKnownFileType = sourcecode.c.h; path = Socket.h; sourceTree = "<group>"; };
		0CB093F31A386669001688BF /* Sync_queue.h */ = {isa = PBXFileReference; fileEncoding = 4; lastKnownFileType = sourcecode.c.h; path = Sync_queue.h; sourceTree = "<group>"; };
		0CB093F41A386669001688BF /* throw.cpp */ = {isa = PBXFileReference; fileEncoding = 4; lastKnownFileType = sourcecode.cpp.cpp; path = throw.cpp; sourceTree = "<group>"; };
		0CB093F51A386669001688BF /* throw.h */ = {isa = PBXFileReference; fileEncoding = 4; lastKnownFileType = sourcecode.c.h; path = throw.h; sourceTree = "<group>"; };
		0CB093F81A3866AF001688BF /* main.cpp */ = {isa = PBXFileReference; fileEncoding = 4; lastKnownFileType = sourcecode.cpp.cpp; path = main.cpp; sourceTree = "<group>"; };
		0CB093FA1A387B62001688BF /* ASCIIgen.cpp */ = {isa = PBXFileReference; fileEncoding = 4; lastKnownFileType = sourcecode.cpp.cpp; path = ASCIIgen.cpp; sourceTree = "<group>"; };
		0CB093FB1A387B62001688BF /* ASCIIgen.h */ = {isa = PBXFileReference; fileEncoding = 4; lastKnownFileType = sourcecode.c.h; path = ASCIIgen.h; sourceTree = "<group>"; };
		0CB093FC1A387B62001688BF /* Machiavelli.cpp */ = {isa = PBXFileReference; fileEncoding = 4; lastKnownFileType = sourcecode.cpp.cpp; path = Machiavelli.cpp; sourceTree = "<group>"; };
		0CB093FD1A387B62001688BF /* Socket.cpp */ = {isa = PBXFileReference; fileEncoding = 4; lastKnownFileType = sourcecode.cpp.cpp; path = Socket.cpp; sourceTree = "<group>"; };
		0CB093FE1A387B62001688BF /* Socket.h */ = {isa = PBXFileReference; fileEncoding = 4; lastKnownFileType = sourcecode.c.h; path = Socket.h; sourceTree = "<group>"; };
		0CB093FF1A387B62001688BF /* stdafx.cpp */ = {isa = PBXFileReference; fileEncoding = 4; lastKnownFileType = sourcecode.cpp.cpp; path = stdafx.cpp; sourceTree = "<group>"; };
		0CB094001A387B62001688BF /* stdafx.h */ = {isa = PBXFileReference; fileEncoding = 4; lastKnownFileType = sourcecode.c.h; path = stdafx.h; sourceTree = "<group>"; };
		0CB094011A387B62001688BF /* throw.cpp */ = {isa = PBXFileReference; fileEncoding = 4; lastKnownFileType = sourcecode.cpp.cpp; path = throw.cpp; sourceTree = "<group>"; };
		0CB094021A387B62001688BF /* throw.h */ = {isa = PBXFileReference; fileEncoding = 4; lastKnownFileType = sourcecode.c.h; path = throw.h; sourceTree = "<group>"; };
/* End PBXFileReference section */

/* Begin PBXFrameworksBuildPhase section */
		0CB093D81A38416D001688BF /* Frameworks */ = {
			isa = PBXFrameworksBuildPhase;
			buildActionMask = 2147483647;
			files = (
			);
			runOnlyForDeploymentPostprocessing = 0;
		};
		0CB093E61A386611001688BF /* Frameworks */ = {
			isa = PBXFrameworksBuildPhase;
			buildActionMask = 2147483647;
			files = (
			);
			runOnlyForDeploymentPostprocessing = 0;
		};
/* End PBXFrameworksBuildPhase section */

/* Begin PBXGroup section */
		0C32EFE31A4180E700679A6A /* Server Stuff */ = {
			isa = PBXGroup;
			children = (
				0CB093F81A3866AF001688BF /* main.cpp */,
				0CB093F01A386669001688BF /* ClientCommand.h */,
				0CB093F11A386669001688BF /* Socket.cpp */,
				0CB093F21A386669001688BF /* Socket.h */,
				0CB093F31A386669001688BF /* Sync_queue.h */,
				0CB093F41A386669001688BF /* throw.cpp */,
				0CB093F51A386669001688BF /* throw.h */,
			);
			name = "Server Stuff";
			sourceTree = "<group>";
		};
		0C32EFE41A41810100679A6A /* Cards */ = {
			isa = PBXGroup;
			children = (
				0C32EFDC1A417E3F00679A6A /* CardDeck.h */,
				0C32EFE01A4180D000679A6A /* Card.cpp */,
				0C32EFE11A4180D000679A6A /* Card.h */,
				0C32EFE51A4181E300679A6A /* CharacterCard.cpp */,
				0C32EFE61A4181E300679A6A /* CharacterCard.h */,
				0C32EFE81A4182CA00679A6A /* BuildingCard.cpp */,
				0C32EFE91A4182CA00679A6A /* BuildingCard.h */,
			);
			name = Cards;
			sourceTree = "<group>";
		};
		0CB093D21A38416D001688BF = {
			isa = PBXGroup;
			children = (
				0CB093DD1A38416D001688BF /* Machiavelli */,
				0CB093EA1A386611001688BF /* Server */,
				0CB093DC1A38416D001688BF /* Products */,
			);
			sourceTree = "<group>";
		};
		0CB093DC1A38416D001688BF /* Products */ = {
			isa = PBXGroup;
			children = (
				0CB093DB1A38416D001688BF /* Machiavelli */,
				0CB093E91A386611001688BF /* Server */,
			);
			name = Products;
			sourceTree = "<group>";
		};
		0CB093DD1A38416D001688BF /* Machiavelli */ = {
			isa = PBXGroup;
			children = (
				0CB093FA1A387B62001688BF /* ASCIIgen.cpp */,
				0CB093FB1A387B62001688BF /* ASCIIgen.h */,
				0CB093FC1A387B62001688BF /* Machiavelli.cpp */,
				0CB093FD1A387B62001688BF /* Socket.cpp */,
				0CB093FE1A387B62001688BF /* Socket.h */,
				0CB093FF1A387B62001688BF /* stdafx.cpp */,
				0CB094001A387B62001688BF /* stdafx.h */,
				0CB094011A387B62001688BF /* throw.cpp */,
				0CB094021A387B62001688BF /* throw.h */,
			);
			path = Machiavelli;
			sourceTree = "<group>";
		};
		0CB093EA1A386611001688BF /* Server */ = {
			isa = PBXGroup;
			children = (
				0C32EFE41A41810100679A6A /* Cards */,
				0C32EFE31A4180E700679A6A /* Server Stuff */,
				0C2238511A3E4557007293E5 /* Game.cpp */,
				0C2238521A3E4557007293E5 /* Game.h */,
				0C2238541A3E46D6007293E5 /* Player.cpp */,
				0C2238551A3E46D6007293E5 /* Player.h */,
			);
			path = Server;
			sourceTree = "<group>";
		};
/* End PBXGroup section */

/* Begin PBXNativeTarget section */
		0CB093DA1A38416D001688BF /* Machiavelli */ = {
			isa = PBXNativeTarget;
			buildConfigurationList = 0CB093E21A38416D001688BF /* Build configuration list for PBXNativeTarget "Machiavelli" */;
			buildPhases = (
				0CB093D71A38416D001688BF /* Sources */,
				0CB093D81A38416D001688BF /* Frameworks */,
				0CB093D91A38416D001688BF /* CopyFiles */,
			);
			buildRules = (
			);
			dependencies = (
			);
			name = Machiavelli;
			productName = Machiavelli;
			productReference = 0CB093DB1A38416D001688BF /* Machiavelli */;
			productType = "com.apple.product-type.tool";
		};
		0CB093E81A386611001688BF /* Server */ = {
			isa = PBXNativeTarget;
			buildConfigurationList = 0CB093ED1A386611001688BF /* Build configuration list for PBXNativeTarget "Server" */;
			buildPhases = (
				0CB093E51A386611001688BF /* Sources */,
				0CB093E61A386611001688BF /* Frameworks */,
				0CB093E71A386611001688BF /* CopyFiles */,
			);
			buildRules = (
			);
			dependencies = (
			);
			name = Server;
			productName = Server;
			productReference = 0CB093E91A386611001688BF /* Server */;
			productType = "com.apple.product-type.tool";
		};
/* End PBXNativeTarget section */

/* Begin PBXProject section */
		0CB093D31A38416D001688BF /* Project object */ = {
			isa = PBXProject;
			attributes = {
				LastUpgradeCheck = 0610;
				ORGANIZATIONNAME = "Marc Bunkers";
				TargetAttributes = {
					0CB093DA1A38416D001688BF = {
						CreatedOnToolsVersion = 6.1.1;
					};
					0CB093E81A386611001688BF = {
						CreatedOnToolsVersion = 6.1.1;
					};
				};
			};
			buildConfigurationList = 0CB093D61A38416D001688BF /* Build configuration list for PBXProject "Machiavelli" */;
			compatibilityVersion = "Xcode 3.2";
			developmentRegion = English;
			hasScannedForEncodings = 0;
			knownRegions = (
				en,
			);
			mainGroup = 0CB093D21A38416D001688BF;
			productRefGroup = 0CB093DC1A38416D001688BF /* Products */;
			projectDirPath = "";
			projectRoot = "";
			targets = (
				0CB093DA1A38416D001688BF /* Machiavelli */,
				0CB093E81A386611001688BF /* Server */,
			);
		};
/* End PBXProject section */

/* Begin PBXSourcesBuildPhase section */
		0CB093D71A38416D001688BF /* Sources */ = {
			isa = PBXSourcesBuildPhase;
			buildActionMask = 2147483647;
			files = (
				0CB094051A387B62001688BF /* Socket.cpp in Sources */,
				0CB094031A387B62001688BF /* ASCIIgen.cpp in Sources */,
				0CB094071A387B62001688BF /* throw.cpp in Sources */,
				0CB094041A387B62001688BF /* Machiavelli.cpp in Sources */,
				0CB094061A387B62001688BF /* stdafx.cpp in Sources */,
			);
			runOnlyForDeploymentPostprocessing = 0;
		};
		0CB093E51A386611001688BF /* Sources */ = {
			isa = PBXSourcesBuildPhase;
			buildActionMask = 2147483647;
			files = (
				0C32EFE71A4181E300679A6A /* CharacterCard.cpp in Sources */,
				0CB093F71A386669001688BF /* throw.cpp in Sources */,
				0CB093F61A386669001688BF /* Socket.cpp in Sources */,
				0C32EFEA1A4182CA00679A6A /* BuildingCard.cpp in Sources */,
				0CB093F91A3866AF001688BF /* main.cpp in Sources */,
				0C2238531A3E4557007293E5 /* Game.cpp in Sources */,
				0C2238561A3E46D6007293E5 /* Player.cpp in Sources */,
				0C32EFE21A4180D000679A6A /* Card.cpp in Sources */,
			);
			runOnlyForDeploymentPostprocessing = 0;
		};
/* End PBXSourcesBuildPhase section */

/* Begin XCBuildConfiguration section */
		0CB093E01A38416D001688BF /* Debug */ = {
			isa = XCBuildConfiguration;
			buildSettings = {
				ALWAYS_SEARCH_USER_PATHS = NO;
				CLANG_CXX_LANGUAGE_STANDARD = "gnu++0x";
				CLANG_CXX_LIBRARY = "libc++";
				CLANG_ENABLE_MODULES = YES;
				CLANG_ENABLE_OBJC_ARC = YES;
				CLANG_WARN_BOOL_CONVERSION = YES;
				CLANG_WARN_CONSTANT_CONVERSION = YES;
				CLANG_WARN_DIRECT_OBJC_ISA_USAGE = YES_ERROR;
				CLANG_WARN_EMPTY_BODY = YES;
				CLANG_WARN_ENUM_CONVERSION = YES;
				CLANG_WARN_INT_CONVERSION = YES;
				CLANG_WARN_OBJC_ROOT_CLASS = YES_ERROR;
				CLANG_WARN_UNREACHABLE_CODE = YES;
				CLANG_WARN__DUPLICATE_METHOD_MATCH = YES;
				COPY_PHASE_STRIP = NO;
				ENABLE_STRICT_OBJC_MSGSEND = YES;
				GCC_C_LANGUAGE_STANDARD = gnu99;
				GCC_DYNAMIC_NO_PIC = NO;
				GCC_OPTIMIZATION_LEVEL = 0;
				GCC_PREPROCESSOR_DEFINITIONS = (
					"DEBUG=1",
					"$(inherited)",
				);
				GCC_SYMBOLS_PRIVATE_EXTERN = NO;
				GCC_WARN_64_TO_32_BIT_CONVERSION = YES;
				GCC_WARN_ABOUT_RETURN_TYPE = YES_ERROR;
				GCC_WARN_UNDECLARED_SELECTOR = YES;
				GCC_WARN_UNINITIALIZED_AUTOS = YES_AGGRESSIVE;
				GCC_WARN_UNUSED_FUNCTION = YES;
				GCC_WARN_UNUSED_VARIABLE = YES;
				MACOSX_DEPLOYMENT_TARGET = 10.10;
				MTL_ENABLE_DEBUG_INFO = YES;
				ONLY_ACTIVE_ARCH = YES;
				SDKROOT = macosx;
			};
			name = Debug;
		};
		0CB093E11A38416D001688BF /* Release */ = {
			isa = XCBuildConfiguration;
			buildSettings = {
				ALWAYS_SEARCH_USER_PATHS = NO;
				CLANG_CXX_LANGUAGE_STANDARD = "gnu++0x";
				CLANG_CXX_LIBRARY = "libc++";
				CLANG_ENABLE_MODULES = YES;
				CLANG_ENABLE_OBJC_ARC = YES;
				CLANG_WARN_BOOL_CONVERSION = YES;
				CLANG_WARN_CONSTANT_CONVERSION = YES;
				CLANG_WARN_DIRECT_OBJC_ISA_USAGE = YES_ERROR;
				CLANG_WARN_EMPTY_BODY = YES;
				CLANG_WARN_ENUM_CONVERSION = YES;
				CLANG_WARN_INT_CONVERSION = YES;
				CLANG_WARN_OBJC_ROOT_CLASS = YES_ERROR;
				CLANG_WARN_UNREACHABLE_CODE = YES;
				CLANG_WARN__DUPLICATE_METHOD_MATCH = YES;
				COPY_PHASE_STRIP = YES;
				DEBUG_INFORMATION_FORMAT = "dwarf-with-dsym";
				ENABLE_NS_ASSERTIONS = NO;
				ENABLE_STRICT_OBJC_MSGSEND = YES;
				GCC_C_LANGUAGE_STANDARD = gnu99;
				GCC_WARN_64_TO_32_BIT_CONVERSION = YES;
				GCC_WARN_ABOUT_RETURN_TYPE = YES_ERROR;
				GCC_WARN_UNDECLARED_SELECTOR = YES;
				GCC_WARN_UNINITIALIZED_AUTOS = YES_AGGRESSIVE;
				GCC_WARN_UNUSED_FUNCTION = YES;
				GCC_WARN_UNUSED_VARIABLE = YES;
				MACOSX_DEPLOYMENT_TARGET = 10.10;
				MTL_ENABLE_DEBUG_INFO = NO;
				SDKROOT = macosx;
			};
			name = Release;
		};
		0CB093E31A38416D001688BF /* Debug */ = {
			isa = XCBuildConfiguration;
			buildSettings = {
				PRODUCT_NAME = "$(TARGET_NAME)";
			};
			name = Debug;
		};
		0CB093E41A38416D001688BF /* Release */ = {
			isa = XCBuildConfiguration;
			buildSettings = {
				PRODUCT_NAME = "$(TARGET_NAME)";
			};
			name = Release;
		};
		0CB093EE1A386611001688BF /* Debug */ = {
			isa = XCBuildConfiguration;
			buildSettings = {
				GCC_PREPROCESSOR_DEFINITIONS = (
					"DEBUG=1",
					"$(inherited)",
				);
				PRODUCT_NAME = "$(TARGET_NAME)";
			};
			name = Debug;
		};
		0CB093EF1A386611001688BF /* Release */ = {
			isa = XCBuildConfiguration;
			buildSettings = {
				PRODUCT_NAME = "$(TARGET_NAME)";
			};
			name = Release;
		};
/* End XCBuildConfiguration section */

/* Begin XCConfigurationList section */
		0CB093D61A38416D001688BF /* Build configuration list for PBXProject "Machiavelli" */ = {
			isa = XCConfigurationList;
			buildConfigurations = (
				0CB093E01A38416D001688BF /* Debug */,
				0CB093E11A38416D001688BF /* Release */,
			);
			defaultConfigurationIsVisible = 0;
			defaultConfigurationName = Release;
		};
		0CB093E21A38416D001688BF /* Build configuration list for PBXNativeTarget "Machiavelli" */ = {
			isa = XCConfigurationList;
			buildConfigurations = (
				0CB093E31A38416D001688BF /* Debug */,
				0CB093E41A38416D001688BF /* Release */,
			);
			defaultConfigurationIsVisible = 0;
			defaultConfigurationName = Release;
		};
		0CB093ED1A386611001688BF /* Build configuration list for PBXNativeTarget "Server" */ = {
			isa = XCConfigurationList;
			buildConfigurations = (
				0CB093EE1A386611001688BF /* Debug */,
				0CB093EF1A386611001688BF /* Release */,
			);
			defaultConfigurationIsVisible = 0;
			defaultConfigurationName = Release;
		};
/* End XCConfigurationList section */
	};
	rootObject = 0CB093D31A38416D001688BF /* Project object */;
}
